github.com/gocnn/gomat v0.4.1 h1:x66bzdvvkaMY/J1/b2IIZV6pyp3mbQRCtldvKIpSBv0=
github.com/gocnn/gomat v0.4.1/go.mod h1:aSd2So+c4XCb8V2aCl3JBMb2PAo2WhqCHyqUWuyZo0g=
github.com/google/uuid v1.6.0 h1:NIvaJDMOsjHA8n1jAhLSgzrAzy1Hgr+hNrb57e+94F0=
github.com/google/uuid v1.6.0/go.mod h1:TIyPZe4MgqvfeYDBFedMoGGpEw/LqOeaOT+nhxU+yHo=
